
Microsoft Visual Studio Solution File, Format Version 12.00
Project("{FAE04EC0-301F-11D3-BF4B-00C04F79EFBC}") = "apbd-tutorial06", "apbd-tutorial06\apbd-tutorial06.csproj", "{795699D1-64FC-43C3-AF73-C2E38DE3CAF8}"
EndProject
Global
	GlobalSection(SolutionConfigurationPlatforms) = preSolution
		Debug|Any CPU = Debug|Any CPU
		Release|Any CPU = Release|Any CPU
	EndGlobalSection
	GlobalSection(ProjectConfigurationPlatforms) = postSolution
		{795699D1-64FC-43C3-AF73-C2E38DE3CAF8}.Debug|Any CPU.ActiveCfg = Debug|Any CPU
		{795699D1-64FC-43C3-AF73-C2E38DE3CAF8}.Debug|Any CPU.Build.0 = Debug|Any CPU
		{795699D1-64FC-43C3-AF73-C2E38DE3CAF8}.Release|Any CPU.ActiveCfg = Release|Any CPU
		{795699D1-64FC-43C3-AF73-C2E38DE3CAF8}.Release|Any CPU.Build.0 = Release|Any CPU
	EndGlobalSection
EndGlobal
